{
	"name": "jupyterlab_bigquery",
	"version": "0.0.1",
	"lockfileVersion": 1,
	"requires": true,
	"dependencies": {
		"@lumino/algorithm": {
			"version": "1.3.3",
			"resolved": "https://registry.npmjs.org/@lumino/algorithm/-/algorithm-1.3.3.tgz",
			"integrity": "sha512-I2BkssbOSLq3rDjgAC3fzf/zAIwkRUnAh60MO0lYcaFdSGyI15w4K3gwZHGIO0p9cKEiNHLXKEODGmOjMLOQ3g=="
		},
		"@lumino/collections": {
			"version": "1.3.3",
			"resolved": "https://registry.npmjs.org/@lumino/collections/-/collections-1.3.3.tgz",
			"integrity": "sha512-vN3GSV5INkgM6tMLd+WqTgaPnQNTY7L/aFUtTOC8TJQm+vg1eSmR4fNXsoGHM3uA85ctSJThvdZr5triu1Iajg==",
			"requires": {
				"@lumino/algorithm": "^1.3.3"
			}
		},
		"@lumino/commands": {
			"version": "1.11.3",
			"resolved": "https://registry.npmjs.org/@lumino/commands/-/commands-1.11.3.tgz",
			"integrity": "sha512-0JencVUzJWEaXVDngpLhgOWza6Yql5tq2W2Qsi9U3exEDE3CqXdjehI/Uy4Cj2+aAfZju8iPvyZVlLq2psyKLw==",
			"requires": {
				"@lumino/algorithm": "^1.3.3",
				"@lumino/coreutils": "^1.5.3",
				"@lumino/disposable": "^1.4.3",
				"@lumino/domutils": "^1.2.3",
				"@lumino/keyboard": "^1.2.3",
				"@lumino/signaling": "^1.4.3",
				"@lumino/virtualdom": "^1.7.3"
			}
		},
		"@lumino/coreutils": {
			"version": "1.5.3",
			"resolved": "https://registry.npmjs.org/@lumino/coreutils/-/coreutils-1.5.3.tgz",
			"integrity": "sha512-G72jJ6sgOwAUuilz+cri7LpHIJxllK+qz+YZUC3fyyWHK7oRlZemcc43jZAVE+tagTdMxKYSQWNIVzM5lI8sWw=="
		},
		"@lumino/disposable": {
			"version": "1.4.3",
			"resolved": "https://registry.npmjs.org/@lumino/disposable/-/disposable-1.4.3.tgz",
			"integrity": "sha512-zKQ9N2AEGcYpG6PJkeMWQXvoXU9w1ocji78z+fboM/SmSgtOIVGeQt3fZeldymf0XrlOPpNXs1ZFg54yWUMnXA==",
			"requires": {
				"@lumino/algorithm": "^1.3.3",
				"@lumino/signaling": "^1.4.3"
			}
		},
		"@lumino/domutils": {
			"version": "1.2.3",
			"resolved": "https://registry.npmjs.org/@lumino/domutils/-/domutils-1.2.3.tgz",
			"integrity": "sha512-SEi8WZSy+DWMkL5CfAY78MHbi3x83AVmRFxjs9+A6qsFPde+Hr1I4DNtLsSDmfAWsobHHgBnjyNp2ZkQEq0IEA=="
		},
		"@lumino/dragdrop": {
			"version": "1.6.4",
			"resolved": "https://registry.npmjs.org/@lumino/dragdrop/-/dragdrop-1.6.4.tgz",
			"integrity": "sha512-t+tQazxg/fyyC7T1wm7mnSfUDNPvAbKHRDWaIbBRVjf6M+B5N8eFwwqMZ63nKdzZPbwX6DJq+D2DNlqIB7gOjg==",
			"requires": {
				"@lumino/coreutils": "^1.5.3",
				"@lumino/disposable": "^1.4.3"
			}
		},
		"@lumino/keyboard": {
			"version": "1.2.3",
			"resolved": "https://registry.npmjs.org/@lumino/keyboard/-/keyboard-1.2.3.tgz",
			"integrity": "sha512-ibS0sz0VABeuJXx2JVSz36sUBMUOcQNCNPybVhwzN/GkJFs0dnDKluMu+3Px0tkB2y33bGPZU/RLZY1Xj/faEA=="
		},
		"@lumino/messaging": {
			"version": "1.4.3",
			"resolved": "https://registry.npmjs.org/@lumino/messaging/-/messaging-1.4.3.tgz",
			"integrity": "sha512-wa2Pj2KOuLNLS2n0wVBzUVFGbvjL1FLbuCOAUEYfN6xXVleqqtGGzd08uTF7ebu01KCO3VQ38+dkvoaM/C2qPw==",
			"requires": {
				"@lumino/algorithm": "^1.3.3",
				"@lumino/collections": "^1.3.3"
			}
		},
		"@lumino/properties": {
			"version": "1.2.3",
			"resolved": "https://registry.npmjs.org/@lumino/properties/-/properties-1.2.3.tgz",
			"integrity": "sha512-dbS9V/L+RpQoRjxHMAGh1JYoXaLA6F7xkVbg/vmYXqdXZ7DguO5C3Qteu9tNp7Z7Q31TqFWUCrniTI9UJiJCoQ=="
		},
		"@lumino/signaling": {
			"version": "1.4.3",
			"resolved": "https://registry.npmjs.org/@lumino/signaling/-/signaling-1.4.3.tgz",
			"integrity": "sha512-6clc8SMcH0tyKXIX31xw6sxjxJl5hj4YRd1DTHTS62cegQ0FkO8JjJeuv+Nc1pgTg6nEAf65aSOHpUdsFHDAvQ==",
			"requires": {
				"@lumino/algorithm": "^1.3.3"
			}
		},
		"@lumino/virtualdom": {
			"version": "1.7.3",
			"resolved": "https://registry.npmjs.org/@lumino/virtualdom/-/virtualdom-1.7.3.tgz",
			"integrity": "sha512-YgQyyo5F7nMfcp5wbpJQyBsztFqAQPO1++sbPCJiF8Mt0Zo5+hN0jWG2tw7IymHdXDNypgnrCiiHQZMUXuzCiA==",
			"requires": {
				"@lumino/algorithm": "^1.3.3"
			}
		},
		"@lumino/widgets": {
			"version": "1.13.4",
			"resolved": "https://registry.npmjs.org/@lumino/widgets/-/widgets-1.13.4.tgz",
			"integrity": "sha512-1Dv9oLSnte4G7Ndc7DAssSURPavVW/vQK7q1WGj9v/4Z7caeyw+OraimXdgOyxGDjnarKEpEFsWgoEs2DMxdrQ==",
			"requires": {
				"@lumino/algorithm": "^1.3.3",
				"@lumino/commands": "^1.11.3",
				"@lumino/coreutils": "^1.5.3",
				"@lumino/disposable": "^1.4.3",
				"@lumino/domutils": "^1.2.3",
				"@lumino/dragdrop": "^1.6.4",
				"@lumino/keyboard": "^1.2.3",
				"@lumino/messaging": "^1.4.3",
				"@lumino/properties": "^1.2.3",
				"@lumino/signaling": "^1.4.3",
				"@lumino/virtualdom": "^1.7.3"
			}
		},
		"@material-ui/core": {
			"version": "4.10.2",
			"resolved": "https://registry.npmjs.org/@material-ui/core/-/core-4.10.2.tgz",
			"integrity": "sha512-Uf4iDLi9sW6HKbVQDyDZDr1nMR4RUAE7w/RIIJZGNVZResC0xwmpLRZMtaUdSO43N0R0yJehfxTi4Z461Cd49A==",
			"requires": {
				"@babel/runtime": "^7.4.4",
				"@material-ui/styles": "^4.10.0",
				"@material-ui/system": "^4.9.14",
				"@material-ui/types": "^5.1.0",
				"@material-ui/utils": "^4.10.2",
				"@types/react-transition-group": "^4.2.0",
				"clsx": "^1.0.4",
				"hoist-non-react-statics": "^3.3.2",
				"popper.js": "1.16.1-lts",
				"prop-types": "^15.7.2",
				"react-is": "^16.8.0",
				"react-transition-group": "^4.4.0"
			},
			"dependencies": {
				"@babel/runtime": {
					"version": "7.10.3",
					"resolved": "https://registry.npmjs.org/@babel/runtime/-/runtime-7.10.3.tgz",
					"integrity": "sha512-RzGO0RLSdokm9Ipe/YD+7ww8X2Ro79qiXZF3HU9ljrM+qnJmH1Vqth+hbiQZy761LnMJTMitHDuKVYTk3k4dLw==",
					"requires": {
						"regenerator-runtime": "^0.13.4"
					}
				},
				"@emotion/hash": {
					"version": "0.8.0",
					"resolved": "https://registry.npmjs.org/@emotion/hash/-/hash-0.8.0.tgz",
					"integrity": "sha512-kBJtf7PH6aWwZ6fka3zQ0p6SBYzx4fl1LoZXE2RrnYST9Xljm7WfKJrU4g/Xr3Beg72MLrp1AWNUmuYJTL7Cow=="
				},
				"@material-ui/styles": {
					"version": "4.10.0",
					"resolved": "https://registry.npmjs.org/@material-ui/styles/-/styles-4.10.0.tgz",
					"integrity": "sha512-XPwiVTpd3rlnbfrgtEJ1eJJdFCXZkHxy8TrdieaTvwxNYj42VnnCyFzxYeNW9Lhj4V1oD8YtQ6S5Gie7bZDf7Q==",
					"requires": {
						"@babel/runtime": "^7.4.4",
						"@emotion/hash": "^0.8.0",
						"@material-ui/types": "^5.1.0",
						"@material-ui/utils": "^4.9.6",
						"clsx": "^1.0.4",
						"csstype": "^2.5.2",
						"hoist-non-react-statics": "^3.3.2",
						"jss": "^10.0.3",
						"jss-plugin-camel-case": "^10.0.3",
						"jss-plugin-default-unit": "^10.0.3",
						"jss-plugin-global": "^10.0.3",
						"jss-plugin-nested": "^10.0.3",
						"jss-plugin-props-sort": "^10.0.3",
						"jss-plugin-rule-value-function": "^10.0.3",
						"jss-plugin-vendor-prefixer": "^10.0.3",
						"prop-types": "^15.7.2"
					}
				},
				"@material-ui/system": {
					"version": "4.9.14",
					"resolved": "https://registry.npmjs.org/@material-ui/system/-/system-4.9.14.tgz",
					"integrity": "sha512-oQbaqfSnNlEkXEziDcJDDIy8pbvwUmZXWNqlmIwDqr/ZdCK8FuV3f4nxikUh7hvClKV2gnQ9djh5CZFTHkZj3w==",
					"requires": {
						"@babel/runtime": "^7.4.4",
						"@material-ui/utils": "^4.9.6",
						"csstype": "^2.5.2",
						"prop-types": "^15.7.2"
					}
				},
				"@material-ui/types": {
					"version": "5.1.0",
					"resolved": "https://registry.npmjs.org/@material-ui/types/-/types-5.1.0.tgz",
					"integrity": "sha512-7cqRjrY50b8QzRSYyhSpx4WRw2YuO0KKIGQEVk5J8uoz2BanawykgZGoWEqKm7pVIbzFDN0SpPcVV4IhOFkl8A=="
				},
				"@material-ui/utils": {
					"version": "4.10.2",
					"resolved": "https://registry.npmjs.org/@material-ui/utils/-/utils-4.10.2.tgz",
					"integrity": "sha512-eg29v74P7W5r6a4tWWDAAfZldXIzfyO1am2fIsC39hdUUHm/33k6pGOKPbgDjg/U/4ifmgAePy/1OjkKN6rFRw==",
					"requires": {
						"@babel/runtime": "^7.4.4",
						"prop-types": "^15.7.2",
						"react-is": "^16.8.0"
					}
				},
				"@types/prop-types": {
					"version": "15.7.3",
					"resolved": "https://registry.npmjs.org/@types/prop-types/-/prop-types-15.7.3.tgz",
					"integrity": "sha512-KfRL3PuHmqQLOG+2tGpRO26Ctg+Cq1E01D2DMriKEATHgWLfeNDmq9e29Q9WIky0dQ3NPkd1mzYH8Lm936Z9qw=="
				},
				"@types/react": {
					"version": "16.9.41",
					"resolved": "https://registry.npmjs.org/@types/react/-/react-16.9.41.tgz",
					"integrity": "sha512-6cFei7F7L4wwuM+IND/Q2cV1koQUvJ8iSV+Gwn0c3kvABZ691g7sp3hfEQHOUBJtccl1gPi+EyNjMIl9nGA0ug==",
					"requires": {
						"@types/prop-types": "*",
						"csstype": "^2.2.0"
					}
				},
				"@types/react-transition-group": {
					"version": "4.4.0",
					"resolved": "https://registry.npmjs.org/@types/react-transition-group/-/react-transition-group-4.4.0.tgz",
					"integrity": "sha512-/QfLHGpu+2fQOqQaXh8MG9q03bFENooTb/it4jr5kKaZlDQfWvjqWZg48AwzPVMBHlRuTRAY7hRHCEOXz5kV6w==",
					"requires": {
						"@types/react": "*"
					}
				},
				"clsx": {
					"version": "1.1.1",
					"resolved": "https://registry.npmjs.org/clsx/-/clsx-1.1.1.tgz",
					"integrity": "sha512-6/bPho624p3S2pMyvP5kKBPXnI3ufHLObBFCfgx+LkeR5lg2XYy2hqZqUf45ypD8COn2bhgGJSUE+l5dhNBieA=="
				},
				"css-vendor": {
					"version": "2.0.8",
					"resolved": "https://registry.npmjs.org/css-vendor/-/css-vendor-2.0.8.tgz",
					"integrity": "sha512-x9Aq0XTInxrkuFeHKbYC7zWY8ai7qJ04Kxd9MnvbC1uO5DagxoHQjm4JvG+vCdXOoFtCjbL2XSZfxmoYa9uQVQ==",
					"requires": {
						"@babel/runtime": "^7.8.3",
						"is-in-browser": "^1.0.2"
					}
				},
				"csstype": {
					"version": "2.6.10",
					"resolved": "https://registry.npmjs.org/csstype/-/csstype-2.6.10.tgz",
					"integrity": "sha512-D34BqZU4cIlMCY93rZHbrq9pjTAQJ3U8S8rfBqjwHxkGPThWFjzZDQpgMJY0QViLxth6ZKYiwFBo14RdN44U/w=="
				},
				"dom-helpers": {
					"version": "5.1.4",
					"resolved": "https://registry.npmjs.org/dom-helpers/-/dom-helpers-5.1.4.tgz",
					"integrity": "sha512-TjMyeVUvNEnOnhzs6uAn9Ya47GmMo3qq7m+Lr/3ON0Rs5kHvb8I+SQYjLUSYn7qhEm0QjW0yrBkvz9yOrwwz1A==",
					"requires": {
						"@babel/runtime": "^7.8.7",
						"csstype": "^2.6.7"
					}
				},
				"hoist-non-react-statics": {
					"version": "3.3.2",
					"resolved": "https://registry.npmjs.org/hoist-non-react-statics/-/hoist-non-react-statics-3.3.2.tgz",
					"integrity": "sha512-/gGivxi8JPKWNm/W0jSmzcMPpfpPLc3dY/6GxhX2hQ9iGj3aDfklV4ET7NjKpSinLpJ5vafa9iiGIEZg10SfBw==",
					"requires": {
						"react-is": "^16.7.0"
					}
				},
				"hyphenate-style-name": {
					"version": "1.0.3",
					"resolved": "https://registry.npmjs.org/hyphenate-style-name/-/hyphenate-style-name-1.0.3.tgz",
					"integrity": "sha512-EcuixamT82oplpoJ2XU4pDtKGWQ7b00CD9f1ug9IaQ3p1bkHMiKCZ9ut9QDI6qsa6cpUuB+A/I+zLtdNK4n2DQ=="
				},
				"is-in-browser": {
					"version": "1.1.3",
					"resolved": "https://registry.npmjs.org/is-in-browser/-/is-in-browser-1.1.3.tgz",
					"integrity": "sha1-Vv9NtoOgeMYILrldrX3GLh0E+DU="
				},
				"js-tokens": {
					"version": "4.0.0",
					"resolved": "https://registry.npmjs.org/js-tokens/-/js-tokens-4.0.0.tgz",
					"integrity": "sha512-RdJUflcE3cUzKiMqQgsCu06FPu9UdIJO0beYbPhHN4k6apgJtifcoCtT9bcxOpYBtpD2kCM6Sbzg4CausW/PKQ=="
				},
				"jss": {
					"version": "10.3.0",
					"resolved": "https://registry.npmjs.org/jss/-/jss-10.3.0.tgz",
					"integrity": "sha512-B5sTRW9B6uHaUVzSo9YiMEOEp3UX8lWevU0Fsv+xtRnsShmgCfIYX44bTH8bPJe6LQKqEXku3ulKuHLbxBS97Q==",
					"requires": {
						"@babel/runtime": "^7.3.1",
						"csstype": "^2.6.5",
						"is-in-browser": "^1.1.3",
						"tiny-warning": "^1.0.2"
					}
				},
				"jss-plugin-camel-case": {
					"version": "10.3.0",
					"resolved": "https://registry.npmjs.org/jss-plugin-camel-case/-/jss-plugin-camel-case-10.3.0.tgz",
					"integrity": "sha512-tadWRi/SLWqLK3EUZEdDNJL71F3ST93Zrl9JYMjV0QDqKPAl0Liue81q7m/nFUpnSTXczbKDy4wq8rI8o7WFqA==",
					"requires": {
						"@babel/runtime": "^7.3.1",
						"hyphenate-style-name": "^1.0.3",
						"jss": "^10.3.0"
					}
				},
				"jss-plugin-default-unit": {
					"version": "10.3.0",
					"resolved": "https://registry.npmjs.org/jss-plugin-default-unit/-/jss-plugin-default-unit-10.3.0.tgz",
					"integrity": "sha512-tT5KkIXAsZOSS9WDSe8m8lEHIjoEOj4Pr0WrG0WZZsMXZ1mVLFCSsD2jdWarQWDaRNyMj/I4d7czRRObhOxSuw==",
					"requires": {
						"@babel/runtime": "^7.3.1",
						"jss": "^10.3.0"
					}
				},
				"jss-plugin-global": {
					"version": "10.3.0",
					"resolved": "https://registry.npmjs.org/jss-plugin-global/-/jss-plugin-global-10.3.0.tgz",
					"integrity": "sha512-etYTG/y3qIR/vxZnKY+J3wXwObyBDNhBiB3l/EW9/pE3WHE//BZdK8LFvQcrCO48sZW1Z6paHo6klxUPP7WbzA==",
					"requires": {
						"@babel/runtime": "^7.3.1",
						"jss": "^10.3.0"
					}
				},
				"jss-plugin-nested": {
					"version": "10.3.0",
					"resolved": "https://registry.npmjs.org/jss-plugin-nested/-/jss-plugin-nested-10.3.0.tgz",
					"integrity": "sha512-qWiEkoXNEkkZ+FZrWmUGpf+zBsnEOmKXhkjNX85/ZfWhH9dfGxUCKuJFuOWFM+rjQfxV4csfesq4hY0jk8Qt0w==",
					"requires": {
						"@babel/runtime": "^7.3.1",
						"jss": "^10.3.0",
						"tiny-warning": "^1.0.2"
					}
				},
				"jss-plugin-props-sort": {
					"version": "10.3.0",
					"resolved": "https://registry.npmjs.org/jss-plugin-props-sort/-/jss-plugin-props-sort-10.3.0.tgz",
					"integrity": "sha512-boetORqL/lfd7BWeFD3K+IyPqyIC+l3CRrdZr+NPq7Noqp+xyg/0MR7QisgzpxCEulk+j2CRcEUoZsvgPC4nTg==",
					"requires": {
						"@babel/runtime": "^7.3.1",
						"jss": "^10.3.0"
					}
				},
				"jss-plugin-rule-value-function": {
					"version": "10.3.0",
					"resolved": "https://registry.npmjs.org/jss-plugin-rule-value-function/-/jss-plugin-rule-value-function-10.3.0.tgz",
					"integrity": "sha512-7WiMrKIHH3rwxTuJki9+7nY11r1UXqaUZRhHvqTD4/ZE+SVhvtD5Tx21ivNxotwUSleucA/8boX+NF21oXzr5Q==",
					"requires": {
						"@babel/runtime": "^7.3.1",
						"jss": "^10.3.0",
						"tiny-warning": "^1.0.2"
					}
				},
				"jss-plugin-vendor-prefixer": {
					"version": "10.3.0",
					"resolved": "https://registry.npmjs.org/jss-plugin-vendor-prefixer/-/jss-plugin-vendor-prefixer-10.3.0.tgz",
					"integrity": "sha512-sZQbrcZyP5V0ADjCLwUA1spVWoaZvM7XZ+2fSeieZFBj31cRsnV7X70FFDerMHeiHAXKWzYek+67nMDjhrZAVQ==",
					"requires": {
						"@babel/runtime": "^7.3.1",
						"css-vendor": "^2.0.8",
						"jss": "^10.3.0"
					}
				},
				"loose-envify": {
					"version": "1.4.0",
					"resolved": "https://registry.npmjs.org/loose-envify/-/loose-envify-1.4.0.tgz",
					"integrity": "sha512-lyuxPGr/Wfhrlem2CL/UcnUc1zcqKAImBDzukY7Y5F/yQiNdko6+fRLevlw1HgMySw7f611UIY408EtxRSoK3Q==",
					"requires": {
						"js-tokens": "^3.0.0 || ^4.0.0"
					}
				},
				"object-assign": {
					"version": "4.1.1",
					"resolved": "https://registry.npmjs.org/object-assign/-/object-assign-4.1.1.tgz",
					"integrity": "sha1-IQmtx5ZYh8/AXLvUQsrIv7s2CGM="
				},
				"popper.js": {
					"version": "1.16.1-lts",
					"resolved": "https://registry.npmjs.org/popper.js/-/popper.js-1.16.1-lts.tgz",
					"integrity": "sha512-Kjw8nKRl1m+VrSFCoVGPph93W/qrSO7ZkqPpTf7F4bk/sqcfWK019dWBUpE/fBOsOQY1dks/Bmcbfn1heM/IsA=="
				},
				"prop-types": {
					"version": "15.7.2",
					"resolved": "https://registry.npmjs.org/prop-types/-/prop-types-15.7.2.tgz",
					"integrity": "sha512-8QQikdH7//R2vurIJSutZ1smHYTcLpRWEOlHnzcWHmBYrOGUysKwSsrC89BCiFj3CbrfJ/nXFdJepOVrY1GCHQ==",
					"requires": {
						"loose-envify": "^1.4.0",
						"object-assign": "^4.1.1",
						"react-is": "^16.8.1"
					}
				},
				"react-is": {
					"version": "16.13.1",
					"resolved": "https://registry.npmjs.org/react-is/-/react-is-16.13.1.tgz",
					"integrity": "sha512-24e6ynE2H+OKt4kqsOvNd8kBpV65zoxbA4BVsEOB3ARVWQki/DHzaUoC5KuON/BiccDaCCTZBuOcfZs70kR8bQ=="
				},
				"react-transition-group": {
					"version": "4.4.1",
					"resolved": "https://registry.npmjs.org/react-transition-group/-/react-transition-group-4.4.1.tgz",
					"integrity": "sha512-Djqr7OQ2aPUiYurhPalTrVy9ddmFCCzwhqQmtN+J3+3DzLO209Fdr70QrN8Z3DsglWql6iY1lDWAfpFiBtuKGw==",
					"requires": {
						"@babel/runtime": "^7.5.5",
						"dom-helpers": "^5.0.1",
						"loose-envify": "^1.4.0",
						"prop-types": "^15.6.2"
					}
				},
				"regenerator-runtime": {
					"version": "0.13.5",
					"resolved": "https://registry.npmjs.org/regenerator-runtime/-/regenerator-runtime-0.13.5.tgz",
					"integrity": "sha512-ZS5w8CpKFinUzOwW3c83oPeVXoNsrLsaCoLtJvAClH135j/R77RuymhiSErhm2lKcwSCIpmvIWSbDkIfAqKQlA=="
				},
				"tiny-warning": {
					"version": "1.0.3",
					"resolved": "https://registry.npmjs.org/tiny-warning/-/tiny-warning-1.0.3.tgz",
					"integrity": "sha512-lBN9zLN/oAf68o3zNXYrdCt1kP8WsiGW8Oo2ka41b2IM5JL/S1CTyX1rW0mb/zSuJun0ZUrDxx4sqvYS2FWzPA=="
				}
			}
		},
		"@reduxjs/toolkit": {
			"version": "1.4.0",
			"resolved": "https://registry.npmjs.org/@reduxjs/toolkit/-/toolkit-1.4.0.tgz",
			"integrity": "sha512-hkxQwVx4BNVRsYdxjNF6cAseRmtrkpSlcgJRr3kLUcHPIAMZAmMJkXmHh/eUEGTMqPzsYpJLM7NN2w9fxQDuGw==",
			"requires": {
				"immer": "^7.0.3",
				"redux": "^4.0.0",
				"redux-thunk": "^2.3.0",
				"reselect": "^4.0.0"
			},
			"dependencies": {
				"immer": {
					"version": "7.0.5",
					"resolved": "https://registry.npmjs.org/immer/-/immer-7.0.5.tgz",
					"integrity": "sha512-TtRAKZyuqld2eYjvWgXISLJ0ZlOl1OOTzRmrmiY8SlB0dnAhZ1OiykIDL5KDFNaPHDXiLfGQFNJGtet8z8AEmg=="
				},
				"js-tokens": {
					"version": "4.0.0",
					"resolved": "https://registry.npmjs.org/js-tokens/-/js-tokens-4.0.0.tgz",
					"integrity": "sha512-RdJUflcE3cUzKiMqQgsCu06FPu9UdIJO0beYbPhHN4k6apgJtifcoCtT9bcxOpYBtpD2kCM6Sbzg4CausW/PKQ=="
				},
				"loose-envify": {
					"version": "1.4.0",
					"resolved": "https://registry.npmjs.org/loose-envify/-/loose-envify-1.4.0.tgz",
					"integrity": "sha512-lyuxPGr/Wfhrlem2CL/UcnUc1zcqKAImBDzukY7Y5F/yQiNdko6+fRLevlw1HgMySw7f611UIY408EtxRSoK3Q==",
					"requires": {
						"js-tokens": "^3.0.0 || ^4.0.0"
					}
				},
				"redux": {
					"version": "4.0.5",
					"resolved": "https://registry.npmjs.org/redux/-/redux-4.0.5.tgz",
					"integrity": "sha512-VSz1uMAH24DM6MF72vcojpYPtrTUu3ByVWfPL1nPfVRb5mZVTve5GnNCUV53QM/BZ66xfWrm0CTWoM+Xlz8V1w==",
					"requires": {
						"loose-envify": "^1.4.0",
						"symbol-observable": "^1.2.0"
					}
				},
				"redux-thunk": {
					"version": "2.3.0",
					"resolved": "https://registry.npmjs.org/redux-thunk/-/redux-thunk-2.3.0.tgz",
					"integrity": "sha512-km6dclyFnmcvxhAcrQV2AkZmPQjzPDjgVlQtR0EQjxZPyJ0BnMf3in1ryuR8A2qU0HldVRfxYXbFSKlI3N7Slw=="
				},
				"reselect": {
					"version": "4.0.0",
					"resolved": "https://registry.npmjs.org/reselect/-/reselect-4.0.0.tgz",
					"integrity": "sha512-qUgANli03jjAyGlnbYVAV5vvnOmJnODyABz51RdBN7M4WaVu8mecZWgyQNkG8Yqe3KRGRt0l4K4B3XVEULC4CA=="
				},
				"symbol-observable": {
					"version": "1.2.0",
					"resolved": "https://registry.npmjs.org/symbol-observable/-/symbol-observable-1.2.0.tgz",
					"integrity": "sha512-e900nM8RRtGhlV36KGEU9k65K3mPb1WV70OdjfxlG2EAuM1noi/E/BaW/uMhL7bPEssK8QV57vN3esixjUvcXQ=="
				}
			}
		},
		"csstips": {
			"version": "1.2.0",
			"resolved": "https://registry.npmjs.org/csstips/-/csstips-1.2.0.tgz",
			"integrity": "sha512-2KgBibTljubrEuaiCNdJ0zcy6BmJck+J9YUufb+Hwz3T0XANLfevVIabHtCO9T5Zr2kHyvpT+0XM9vk44nmsZg=="
		}
	}
}
